version = 1
revision = 3
requires-python = ">=3.12"

[[package]]
name = "hello-esp"
version = "0.1.0"
source = { virtual = "." }
dependencies = [
    { name = "micropython-esp32-stubs" },
]

[package.metadata]
requires-dist = [{ name = "micropython-esp32-stubs", specifier = ">=1.28.0.post2" }]

[[package]]
name = "micropython-esp32-stubs"
version = "1.28.0.post2"
source = { registry = "https://pypi.org/simple" }
dependencies = [
    { name = "micropython-stdlib-stubs" },
]
sdist = { url = "https://files.pythonhosted.org/packages/fa/57/9711eb8b22fc70b395988c7f95e1bdeb305a74fd7131f4b0dc95fd578a47/micropython_esp32_stubs-1.28.0.post2.tar.gz", hash = "sha256:2e51f2a1cd9697bb5012c0775b241a153f712913bd953c6d8847e3568a56cbdc", size = 100423, upload-time = "2026-04-22T07:35:16.493Z" }
wheels = [
    { url = "https://files.pythonhosted.org/packages/65/b1/e788cfa263202372addef023e341c613011ac74626bded85fa9532560855/micropython_esp32_stubs-1.28.0.post2-py2.py3-none-any.whl", hash = "sha256:49d4d5b703e24b3e353586bbb848326b28af4ac62d1d60d9003ead9402001bb6", size = 125448, upload-time = "2026-04-22T07:35:17.691Z" },
]

[[package]]
name = "micropython-stdlib-stubs"
version = "1.28.0.post2"
source = { registry = "https://pypi.org/simple" }
wheels = [
    { url = "https://files.pythonhosted.org/packages/8f/8e/155b317e2ade8d076d5b7a6969813bc09937bdcc47c4bb5310cc21365e52/micropython_stdlib_stubs-1.28.0.post2-py3-none-any.whl", hash = "sha256:328e8108dcc31486ed404d6a44f9f2351115d38a5a525683188e7ad2e0fc291e", size = 148375, upload-time = "2026-04-17T20:09:06.864Z" },
]
